// !$*UTF8*$!
{
	archiveVersion = 1;
	classes = {
	};
	objectVersion = 56;
	objects = {

/* Begin PBXBuildFile section */
		010000000000000000000001 /* WujiApp.swift in Sources */ = {isa = PBXBuildFile; fileRef = 020000000000000000000001 /* WujiApp.swift */; };
		010000000000000000000002 /* ContentView.swift in Sources */ = {isa = PBXBuildFile; fileRef = 020000000000000000000002 /* ContentView.swift */; };
		010000000000000000000003 /* WujiTaskState.swift in Sources */ = {isa = PBXBuildFile; fileRef = 020000000000000000000003 /* WujiTaskState.swift */; };
		010000000000000000000004 /* Assets.xcassets in Resources */ = {isa = PBXBuildFile; fileRef = 020000000000000000000004 /* Assets.xcassets */; };
		010000000000000000000005 /* WujiSkeletonTests.swift in Sources */ = {isa = PBXBuildFile; fileRef = 020000000000000000000007 /* WujiSkeletonTests.swift */; };
		010000000000000000000006 /* ExecutorContracts.swift in Sources */ = {isa = PBXBuildFile; fileRef = 020000000000000000000009 /* ExecutorContracts.swift */; };
		010000000000000000000007 /* ISHExecutor.swift in Sources */ = {isa = PBXBuildFile; fileRef = 02000000000000000000000A /* ISHExecutor.swift */; };
		010000000000000000000008 /* ExecutorSelfTestView.swift in Sources */ = {isa = PBXBuildFile; fileRef = 02000000000000000000000B /* ExecutorSelfTestView.swift */; };
		010000000000000000000009 /* rootfs.tar.gz in Resources */ = {isa = PBXBuildFile; fileRef = 02000000000000000000000C /* rootfs.tar.gz */; };
		01000000000000000000000A /* WujiExecutorContractTests.swift in Sources */ = {isa = PBXBuildFile; fileRef = 02000000000000000000000D /* WujiExecutorContractTests.swift */; };
		01000000000000000000000B /* WujiISHGuestIntegrationTests.swift in Sources */ = {isa = PBXBuildFile; fileRef = 02000000000000000000000E /* WujiISHGuestIntegrationTests.swift */; };
		01000000000000000000000C /* ProviderContracts.swift in Sources */ = {isa = PBXBuildFile; fileRef = 02000000000000000000000F /* ProviderContracts.swift */; };
		01000000000000000000000D /* ProviderAttemptStore.swift in Sources */ = {isa = PBXBuildFile; fileRef = 020000000000000000000010 /* ProviderAttemptStore.swift */; };
		01000000000000000000000E /* DeepSeekProvider.swift in Sources */ = {isa = PBXBuildFile; fileRef = 020000000000000000000011 /* DeepSeekProvider.swift */; };
		01000000000000000000000F /* WujiProviderTests.swift in Sources */ = {isa = PBXBuildFile; fileRef = 020000000000000000000012 /* WujiProviderTests.swift */; };
		010000000000000000000010 /* S3AttemptStore.swift in Sources */ = {isa = PBXBuildFile; fileRef = 020000000000000000000013 /* S3AttemptStore.swift */; };
		010000000000000000000011 /* S3ReadOnlyTools.swift in Sources */ = {isa = PBXBuildFile; fileRef = 020000000000000000000014 /* S3ReadOnlyTools.swift */; };
		010000000000000000000012 /* ISHReadOnlyExecutor.swift in Sources */ = {isa = PBXBuildFile; fileRef = 020000000000000000000015 /* ISHReadOnlyExecutor.swift */; };
		010000000000000000000013 /* S3ReadOnlyAgent.swift in Sources */ = {isa = PBXBuildFile; fileRef = 020000000000000000000016 /* S3ReadOnlyAgent.swift */; };
		010000000000000000000014 /* S3ProbeRunner.swift in Sources */ = {isa = PBXBuildFile; fileRef = 020000000000000000000017 /* S3ProbeRunner.swift */; };
		010000000000000000000015 /* S3Fixture in Resources */ = {isa = PBXBuildFile; fileRef = 020000000000000000000018 /* S3Fixture */; };
		010000000000000000000016 /* WujiS3AgentTests.swift in Sources */ = {isa = PBXBuildFile; fileRef = 020000000000000000000019 /* WujiS3AgentTests.swift */; };
		010000000000000000000017 /* WujiS3ISHIntegrationTests.swift in Sources */ = {isa = PBXBuildFile; fileRef = 02000000000000000000001A /* WujiS3ISHIntegrationTests.swift */; };
		010000000000000000000018 /* S4Contracts.swift in Sources */ = {isa = PBXBuildFile; fileRef = 02000000000000000000001B /* S4Contracts.swift */; };
		010000000000000000000019 /* S4Approval.swift in Sources */ = {isa = PBXBuildFile; fileRef = 02000000000000000000001C /* S4Approval.swift */; };
		01000000000000000000001A /* S4DurableStore.swift in Sources */ = {isa = PBXBuildFile; fileRef = 02000000000000000000001D /* S4DurableStore.swift */; };
		01000000000000000000001B /* ISHS4Executor.swift in Sources */ = {isa = PBXBuildFile; fileRef = 02000000000000000000001E /* ISHS4Executor.swift */; };
		01000000000000000000001C /* S4Agent.swift in Sources */ = {isa = PBXBuildFile; fileRef = 02000000000000000000001F /* S4Agent.swift */; };
		01000000000000000000001D /* S4ApprovalView.swift in Sources */ = {isa = PBXBuildFile; fileRef = 020000000000000000000020 /* S4ApprovalView.swift */; };
		01000000000000000000001E /* S4ProbeRunner.swift in Sources */ = {isa = PBXBuildFile; fileRef = 020000000000000000000021 /* S4ProbeRunner.swift */; };
		01000000000000000000001F /* S4Fixture in Resources */ = {isa = PBXBuildFile; fileRef = 020000000000000000000022 /* S4Fixture */; };
		010000000000000000000020 /* WujiS4ContractsTests.swift in Sources */ = {isa = PBXBuildFile; fileRef = 020000000000000000000023 /* WujiS4ContractsTests.swift */; };
		010000000000000000000021 /* WujiS4ExecutorContractTests.swift in Sources */ = {isa = PBXBuildFile; fileRef = 020000000000000000000024 /* WujiS4ExecutorContractTests.swift */; };
		010000000000000000000022 /* WujiS4ISHIntegrationTests.swift in Sources */ = {isa = PBXBuildFile; fileRef = 020000000000000000000025 /* WujiS4ISHIntegrationTests.swift */; };
		010000000000000000000023 /* WujiS4AgentTests.swift in Sources */ = {isa = PBXBuildFile; fileRef = 020000000000000000000026 /* WujiS4AgentTests.swift */; };
		010000000000000000000024 /* WujiS4ApprovalViewTests.swift in Sources */ = {isa = PBXBuildFile; fileRef = 020000000000000000000027 /* WujiS4ApprovalViewTests.swift */; };
		010000000000000000000025 /* StageAImportContracts.swift in Sources */ = {isa = PBXBuildFile; fileRef = 020000000000000000000028 /* StageAImportContracts.swift */; };
		010000000000000000000026 /* StageAZipArchive.swift in Sources */ = {isa = PBXBuildFile; fileRef = 020000000000000000000029 /* StageAZipArchive.swift */; };
		010000000000000000000027 /* StageAWorkspaceStore.swift in Sources */ = {isa = PBXBuildFile; fileRef = 02000000000000000000002A /* StageAWorkspaceStore.swift */; };
		010000000000000000000028 /* StageAWorkspaceImporter.swift in Sources */ = {isa = PBXBuildFile; fileRef = 02000000000000000000002B /* StageAWorkspaceImporter.swift */; };
		010000000000000000000029 /* DeepSeekSecureConfiguration.swift in Sources */ = {isa = PBXBuildFile; fileRef = 02000000000000000000002C /* DeepSeekSecureConfiguration.swift */; };
		01000000000000000000002A /* StageAViewModel.swift in Sources */ = {isa = PBXBuildFile; fileRef = 02000000000000000000002D /* StageAViewModel.swift */; };
		01000000000000000000002B /* DeepSeekSettingsView.swift in Sources */ = {isa = PBXBuildFile; fileRef = 02000000000000000000002E /* DeepSeekSettingsView.swift */; };
		01000000000000000000002C /* WujiStageAImportTests.swift in Sources */ = {isa = PBXBuildFile; fileRef = 02000000000000000000002F /* WujiStageAImportTests.swift */; };
		01000000000000000000002D /* WujiStageASecureConfigurationTests.swift in Sources */ = {isa = PBXBuildFile; fileRef = 020000000000000000000030 /* WujiStageASecureConfigurationTests.swift */; };
		01000000000000000000002E /* WujiStageAZipBridge.c in Sources */ = {isa = PBXBuildFile; fileRef = 020000000000000000000031 /* WujiStageAZipBridge.c */; };
		01000000000000000000002F /* mz_crypt.c in Sources */ = {isa = PBXBuildFile; fileRef = 020000000000000000000032 /* mz_crypt.c */; };
		010000000000000000000030 /* mz_os.c in Sources */ = {isa = PBXBuildFile; fileRef = 020000000000000000000033 /* mz_os.c */; };
		010000000000000000000031 /* mz_os_posix.c in Sources */ = {isa = PBXBuildFile; fileRef = 020000000000000000000034 /* mz_os_posix.c */; };
		010000000000000000000032 /* mz_strm.c in Sources */ = {isa = PBXBuildFile; fileRef = 020000000000000000000035 /* mz_strm.c */; };
		010000000000000000000033 /* mz_strm_buf.c in Sources */ = {isa = PBXBuildFile; fileRef = 020000000000000000000036 /* mz_strm_buf.c */; };
		010000000000000000000034 /* mz_strm_zlib.c in Sources */ = {isa = PBXBuildFile; fileRef = 020000000000000000000037 /* mz_strm_zlib.c */; };
		010000000000000000000035 /* mz_strm_mem.c in Sources */ = {isa = PBXBuildFile; fileRef = 020000000000000000000038 /* mz_strm_mem.c */; };
		010000000000000000000036 /* mz_strm_os_posix.c in Sources */ = {isa = PBXBuildFile; fileRef = 020000000000000000000039 /* mz_strm_os_posix.c */; };
		010000000000000000000037 /* mz_strm_split.c in Sources */ = {isa = PBXBuildFile; fileRef = 02000000000000000000003A /* mz_strm_split.c */; };
		010000000000000000000038 /* mz_zip.c in Sources */ = {isa = PBXBuildFile; fileRef = 02000000000000000000003B /* mz_zip.c */; };
		010000000000000000000039 /* mz_zip_rw.c in Sources */ = {isa = PBXBuildFile; fileRef = 02000000000000000000003C /* mz_zip_rw.c */; };
		01000000000000000000003A /* StageBContracts.swift in Sources */ = {isa = PBXBuildFile; fileRef = 02000000000000000000003F /* StageBContracts.swift */; };
		01000000000000000000003B /* StageBSessionStore.swift in Sources */ = {isa = PBXBuildFile; fileRef = 020000000000000000000040 /* StageBSessionStore.swift */; };
		01000000000000000000003C /* StageBReadOnlyPolicy.swift in Sources */ = {isa = PBXBuildFile; fileRef = 020000000000000000000041 /* StageBReadOnlyPolicy.swift */; };
		01000000000000000000003D /* ISHStageBReadOnlyExecutor.swift in Sources */ = {isa = PBXBuildFile; fileRef = 020000000000000000000042 /* ISHStageBReadOnlyExecutor.swift */; };
		01000000000000000000003E /* StageBReadOnlyAgent.swift in Sources */ = {isa = PBXBuildFile; fileRef = 020000000000000000000043 /* StageBReadOnlyAgent.swift */; };
		01000000000000000000003F /* StageBView.swift in Sources */ = {isa = PBXBuildFile; fileRef = 020000000000000000000044 /* StageBView.swift */; };
		010000000000000000000040 /* StageBProbeRunner.swift in Sources */ = {isa = PBXBuildFile; fileRef = 020000000000000000000045 /* StageBProbeRunner.swift */; };
		010000000000000000000041 /* StageBRealImportedProject in Resources */ = {isa = PBXBuildFile; fileRef = 020000000000000000000046 /* StageBRealImportedProject */; };
		010000000000000000000042 /* WujiStageBTests.swift in Sources */ = {isa = PBXBuildFile; fileRef = 020000000000000000000047 /* WujiStageBTests.swift */; };
		010000000000000000000043 /* WujiStageBISHIntegrationTests.swift in Sources */ = {isa = PBXBuildFile; fileRef = 020000000000000000000048 /* WujiStageBISHIntegrationTests.swift */; };
		010000000000000000000044 /* StageCContracts.swift in Sources */ = {isa = PBXBuildFile; fileRef = 020000000000000000000049 /* StageCContracts.swift */; };
		010000000000000000000045 /* StageCTaskStore.swift in Sources */ = {isa = PBXBuildFile; fileRef = 02000000000000000000004A /* StageCTaskStore.swift */; };
		010000000000000000000046 /* StageCEditPolicy.swift in Sources */ = {isa = PBXBuildFile; fileRef = 02000000000000000000004B /* StageCEditPolicy.swift */; };
		010000000000000000000047 /* ISHStageCEditExecutor.swift in Sources */ = {isa = PBXBuildFile; fileRef = 02000000000000000000004C /* ISHStageCEditExecutor.swift */; };
		010000000000000000000048 /* StageCEditingAgent.swift in Sources */ = {isa = PBXBuildFile; fileRef = 02000000000000000000004D /* StageCEditingAgent.swift */; };
		010000000000000000000049 /* StageCApprovalView.swift in Sources */ = {isa = PBXBuildFile; fileRef = 02000000000000000000004E /* StageCApprovalView.swift */; };
		01000000000000000000004A /* StageCProbeRunner.swift in Sources */ = {isa = PBXBuildFile; fileRef = 02000000000000000000004F /* StageCProbeRunner.swift */; };
		01000000000000000000004B /* StageCRealImportedProject in Resources */ = {isa = PBXBuildFile; fileRef = 020000000000000000000050 /* StageCRealImportedProject */; };
		01000000000000000000004C /* WujiStageCContractsTests.swift in Sources */ = {isa = PBXBuildFile; fileRef = 020000000000000000000051 /* WujiStageCContractsTests.swift */; };
		01000000000000000000004D /* WujiStageCStoreApprovalTests.swift in Sources */ = {isa = PBXBuildFile; fileRef = 020000000000000000000052 /* WujiStageCStoreApprovalTests.swift */; };
		01000000000000000000004E /* WujiStageCAgentTests.swift in Sources */ = {isa = PBXBuildFile; fileRef = 020000000000000000000053 /* WujiStageCAgentTests.swift */; };
		01000000000000000000004F /* WujiStageCApprovalViewTests.swift in Sources */ = {isa = PBXBuildFile; fileRef = 020000000000000000000054 /* WujiStageCApprovalViewTests.swift */; };
		010000000000000000000050 /* WujiStageCISHIntegrationTests.swift in Sources */ = {isa = PBXBuildFile; fileRef = 020000000000000000000055 /* WujiStageCISHIntegrationTests.swift */; };
		010000000000000000000051 /* StageDContracts.swift in Sources */ = {isa = PBXBuildFile; fileRef = 020000000000000000000056 /* StageDContracts.swift */; };
		010000000000000000000052 /* StageDCommandPolicy.swift in Sources */ = {isa = PBXBuildFile; fileRef = 020000000000000000000057 /* StageDCommandPolicy.swift */; };
		010000000000000000000053 /* StageDTaskStore.swift in Sources */ = {isa = PBXBuildFile; fileRef = 020000000000000000000058 /* StageDTaskStore.swift */; };
		010000000000000000000054 /* ISHStageDCommandExecutor.swift in Sources */ = {isa = PBXBuildFile; fileRef = 020000000000000000000059 /* ISHStageDCommandExecutor.swift */; };
		010000000000000000000055 /* StageDCommandAgent.swift in Sources */ = {isa = PBXBuildFile; fileRef = 02000000000000000000005A /* StageDCommandAgent.swift */; };
		010000000000000000000056 /* StageDCommandView.swift in Sources */ = {isa = PBXBuildFile; fileRef = 02000000000000000000005B /* StageDCommandView.swift */; };
		010000000000000000000057 /* StageDProbeRunner.swift in Sources */ = {isa = PBXBuildFile; fileRef = 02000000000000000000005C /* StageDProbeRunner.swift */; };
		010000000000000000000058 /* StageDRealImportedProject in Resources */ = {isa = PBXBuildFile; fileRef = 02000000000000000000005D /* StageDRealImportedProject */; };
		010000000000000000000059 /* WujiStageDPolicyTests.swift in Sources */ = {isa = PBXBuildFile; fileRef = 02000000000000000000005E /* WujiStageDPolicyTests.swift */; };
		01000000000000000000005A /* WujiStageDRecoveryTests.swift in Sources */ = {isa = PBXBuildFile; fileRef = 02000000000000000000005F /* WujiStageDRecoveryTests.swift */; };
		01000000000000000000005B /* WujiStageDISHIntegrationTests.swift in Sources */ = {isa = PBXBuildFile; fileRef = 020000000000000000000060 /* WujiStageDISHIntegrationTests.swift */; };
/* End PBXBuildFile section */

/* Begin PBXContainerItemProxy section */
		090000000000000000000001 /* PBXContainerItemProxy */ = {
			isa = PBXContainerItemProxy;
			containerPortal = 050000000000000000000001 /* Project object */;
			proxyType = 1;
			remoteGlobalIDString = 040000000000000000000001;
			remoteInfo = Wuji;
		};
/* End PBXContainerItemProxy section */

/* Begin PBXFileReference section */
		020000000000000000000001 /* WujiApp.swift */ = {isa = PBXFileReference; lastKnownFileType = sourcecode.swift; path = WujiApp.swift; sourceTree = "<group>"; };
		020000000000000000000002 /* ContentView.swift */ = {isa = PBXFileReference; lastKnownFileType = sourcecode.swift; path = ContentView.swift; sourceTree = "<group>"; };
		020000000000000000000003 /* WujiTaskState.swift */ = {isa = PBXFileReference; lastKnownFileType = sourcecode.swift; path = WujiTaskState.swift; sourceTree = "<group>"; };
		020000000000000000000004 /* Assets.xcassets */ = {isa = PBXFileReference; lastKnownFileType = folder.assetcatalog; path = Assets.xcassets; sourceTree = "<group>"; };
		020000000000000000000005 /* Info.plist */ = {isa = PBXFileReference; lastKnownFileType = text.plist.xml; path = Info.plist; sourceTree = "<group>"; };
		020000000000000000000006 /* Wuji.app */ = {isa = PBXFileReference; explicitFileType = wrapper.application; includeInIndex = 0; path = Wuji.app; sourceTree = BUILT_PRODUCTS_DIR; };
		020000000000000000000007 /* WujiSkeletonTests.swift */ = {isa = PBXFileReference; lastKnownFileType = sourcecode.swift; path = WujiSkeletonTests.swift; sourceTree = "<group>"; };
		020000000000000000000008 /* WujiTests.xctest */ = {isa = PBXFileReference; explicitFileType = wrapper.cfbundle; includeInIndex = 0; path = WujiTests.xctest; sourceTree = BUILT_PRODUCTS_DIR; };
		020000000000000000000009 /* ExecutorContracts.swift */ = {isa = PBXFileReference; lastKnownFileType = sourcecode.swift; path = ExecutorContracts.swift; sourceTree = "<group>"; };
		02000000000000000000000A /* ISHExecutor.swift */ = {isa = PBXFileReference; lastKnownFileType = sourcecode.swift; path = ISHExecutor.swift; sourceTree = "<group>"; };
		02000000000000000000000B /* ExecutorSelfTestView.swift */ = {isa = PBXFileReference; lastKnownFileType = sourcecode.swift; path = ExecutorSelfTestView.swift; sourceTree = "<group>"; };
		02000000000000000000000C /* rootfs.tar.gz */ = {isa = PBXFileReference; lastKnownFileType = archive.gzip; path = Resources/rootfs.tar.gz; sourceTree = "<group>"; };
		02000000000000000000000D /* WujiExecutorContractTests.swift */ = {isa = PBXFileReference; lastKnownFileType = sourcecode.swift; path = WujiExecutorContractTests.swift; sourceTree = "<group>"; };
		02000000000000000000000E /* WujiISHGuestIntegrationTests.swift */ = {isa = PBXFileReference; lastKnownFileType = sourcecode.swift; path = WujiISHGuestIntegrationTests.swift; sourceTree = "<group>"; };
		02000000000000000000000F /* ProviderContracts.swift */ = {isa = PBXFileReference; lastKnownFileType = sourcecode.swift; path = ProviderContracts.swift; sourceTree = "<group>"; };
		020000000000000000000010 /* ProviderAttemptStore.swift */ = {isa = PBXFileReference; lastKnownFileType = sourcecode.swift; path = ProviderAttemptStore.swift; sourceTree = "<group>"; };
		020000000000000000000011 /* DeepSeekProvider.swift */ = {isa = PBXFileReference; lastKnownFileType = sourcecode.swift; path = DeepSeekProvider.swift; sourceTree = "<group>"; };
		020000000000000000000012 /* WujiProviderTests.swift */ = {isa = PBXFileReference; lastKnownFileType = sourcecode.swift; path = WujiProviderTests.swift; sourceTree = "<group>"; };
		020000000000000000000013 /* S3AttemptStore.swift */ = {isa = PBXFileReference; lastKnownFileType = sourcecode.swift; path = S3AttemptStore.swift; sourceTree = "<group>"; };
		020000000000000000000014 /* S3ReadOnlyTools.swift */ = {isa = PBXFileReference; lastKnownFileType = sourcecode.swift; path = S3ReadOnlyTools.swift; sourceTree = "<group>"; };
		020000000000000000000015 /* ISHReadOnlyExecutor.swift */ = {isa = PBXFileReference; lastKnownFileType = sourcecode.swift; path = ISHReadOnlyExecutor.swift; sourceTree = "<group>"; };
		020000000000000000000016 /* S3ReadOnlyAgent.swift */ = {isa = PBXFileReference; lastKnownFileType = sourcecode.swift; path = S3ReadOnlyAgent.swift; sourceTree = "<group>"; };
		020000000000000000000017 /* S3ProbeRunner.swift */ = {isa = PBXFileReference; lastKnownFileType = sourcecode.swift; path = S3ProbeRunner.swift; sourceTree = "<group>"; };
		020000000000000000000018 /* S3Fixture */ = {isa = PBXFileReference; lastKnownFileType = folder; path = S3Fixture; sourceTree = "<group>"; };
		020000000000000000000019 /* WujiS3AgentTests.swift */ = {isa = PBXFileReference; lastKnownFileType = sourcecode.swift; path = WujiS3AgentTests.swift; sourceTree = "<group>"; };
		02000000000000000000001A /* WujiS3ISHIntegrationTests.swift */ = {isa = PBXFileReference; lastKnownFileType = sourcecode.swift; path = WujiS3ISHIntegrationTests.swift; sourceTree = "<group>"; };
		02000000000000000000001B /* S4Contracts.swift */ = {isa = PBXFileReference; lastKnownFileType = sourcecode.swift; path = S4Contracts.swift; sourceTree = "<group>"; };
		02000000000000000000001C /* S4Approval.swift */ = {isa = PBXFileReference; lastKnownFileType = sourcecode.swift; path = S4Approval.swift; sourceTree = "<group>"; };
		02000000000000000000001D /* S4DurableStore.swift */ = {isa = PBXFileReference; lastKnownFileType = sourcecode.swift; path = S4DurableStore.swift; sourceTree = "<group>"; };
		02000000000000000000001E /* ISHS4Executor.swift */ = {isa = PBXFileReference; lastKnownFileType = sourcecode.swift; path = ISHS4Executor.swift; sourceTree = "<group>"; };
		02000000000000000000001F /* S4Agent.swift */ = {isa = PBXFileReference; lastKnownFileType = sourcecode.swift; path = S4Agent.swift; sourceTree = "<group>"; };
		020000000000000000000020 /* S4ApprovalView.swift */ = {isa = PBXFileReference; lastKnownFileType = sourcecode.swift; path = S4ApprovalView.swift; sourceTree = "<group>"; };
		020000000000000000000021 /* S4ProbeRunner.swift */ = {isa = PBXFileReference; lastKnownFileType = sourcecode.swift; path = S4ProbeRunner.swift; sourceTree = "<group>"; };
		020000000000000000000022 /* S4Fixture */ = {isa = PBXFileReference; lastKnownFileType = folder; path = S4Fixture; sourceTree = "<group>"; };
		020000000000000000000023 /* WujiS4ContractsTests.swift */ = {isa = PBXFileReference; lastKnownFileType = sourcecode.swift; path = WujiS4ContractsTests.swift; sourceTree = "<group>"; };
		020000000000000000000024 /* WujiS4ExecutorContractTests.swift */ = {isa = PBXFileReference; lastKnownFileType = sourcecode.swift; path = WujiS4ExecutorContractTests.swift; sourceTree = "<group>"; };
		020000000000000000000025 /* WujiS4ISHIntegrationTests.swift */ = {isa = PBXFileReference; lastKnownFileType = sourcecode.swift; path = WujiS4ISHIntegrationTests.swift; sourceTree = "<group>"; };
		020000000000000000000026 /* WujiS4AgentTests.swift */ = {isa = PBXFileReference; lastKnownFileType = sourcecode.swift; path = WujiS4AgentTests.swift; sourceTree = "<group>"; };
		020000000000000000000027 /* WujiS4ApprovalViewTests.swift */ = {isa = PBXFileReference; lastKnownFileType = sourcecode.swift; path = WujiS4ApprovalViewTests.swift; sourceTree = "<group>"; };
		020000000000000000000028 /* StageAImportContracts.swift */ = {isa = PBXFileReference; lastKnownFileType = sourcecode.swift; path = StageAImportContracts.swift; sourceTree = "<group>"; };
		020000000000000000000029 /* StageAZipArchive.swift */ = {isa = PBXFileReference; lastKnownFileType = sourcecode.swift; path = StageAZipArchive.swift; sourceTree = "<group>"; };
		02000000000000000000002A /* StageAWorkspaceStore.swift */ = {isa = PBXFileReference; lastKnownFileType = sourcecode.swift; path = StageAWorkspaceStore.swift; sourceTree = "<group>"; };
		02000000000000000000002B /* StageAWorkspaceImporter.swift */ = {isa = PBXFileReference; lastKnownFileType = sourcecode.swift; path = StageAWorkspaceImporter.swift; sourceTree = "<group>"; };
		02000000000000000000002C /* DeepSeekSecureConfiguration.swift */ = {isa = PBXFileReference; lastKnownFileType = sourcecode.swift; path = DeepSeekSecureConfiguration.swift; sourceTree = "<group>"; };
		02000000000000000000002D /* StageAViewModel.swift */ = {isa = PBXFileReference; lastKnownFileType = sourcecode.swift; path = StageAViewModel.swift; sourceTree = "<group>"; };
		02000000000000000000002E /* DeepSeekSettingsView.swift */ = {isa = PBXFileReference; lastKnownFileType = sourcecode.swift; path = DeepSeekSettingsView.swift; sourceTree = "<group>"; };
		02000000000000000000002F /* WujiStageAImportTests.swift */ = {isa = PBXFileReference; lastKnownFileType = sourcecode.swift; path = WujiStageAImportTests.swift; sourceTree = "<group>"; };
		020000000000000000000030 /* WujiStageASecureConfigurationTests.swift */ = {isa = PBXFileReference; lastKnownFileType = sourcecode.swift; path = WujiStageASecureConfigurationTests.swift; sourceTree = "<group>"; };
		020000000000000000000031 /* WujiStageAZipBridge.c */ = {isa = PBXFileReference; lastKnownFileType = sourcecode.c.c; path = WujiStageAZipBridge.c; sourceTree = "<group>"; };
		020000000000000000000032 /* mz_crypt.c */ = {isa = PBXFileReference; lastKnownFileType = sourcecode.c.c; path = mz_crypt.c; sourceTree = "<group>"; };
		020000000000000000000033 /* mz_os.c */ = {isa = PBXFileReference; lastKnownFileType = sourcecode.c.c; path = mz_os.c; sourceTree = "<group>"; };
		020000000000000000000034 /* mz_os_posix.c */ = {isa = PBXFileReference; lastKnownFileType = sourcecode.c.c; path = mz_os_posix.c; sourceTree = "<group>"; };
		020000000000000000000035 /* mz_strm.c */ = {isa = PBXFileReference; lastKnownFileType = sourcecode.c.c; path = mz_strm.c; sourceTree = "<group>"; };
		020000000000000000000036 /* mz_strm_buf.c */ = {isa = PBXFileReference; lastKnownFileType = sourcecode.c.c; path = mz_strm_buf.c; sourceTree = "<group>"; };
		020000000000000000000037 /* mz_strm_zlib.c */ = {isa = PBXFileReference; lastKnownFileType = sourcecode.c.c; path = mz_strm_zlib.c; sourceTree = "<group>"; };
		020000000000000000000038 /* mz_strm_mem.c */ = {isa = PBXFileReference; lastKnownFileType = sourcecode.c.c; path = mz_strm_mem.c; sourceTree = "<group>"; };
		020000000000000000000039 /* mz_strm_os_posix.c */ = {isa = PBXFileReference; lastKnownFileType = sourcecode.c.c; path = mz_strm_os_posix.c; sourceTree = "<group>"; };
		02000000000000000000003A /* mz_strm_split.c */ = {isa = PBXFileReference; lastKnownFileType = sourcecode.c.c; path = mz_strm_split.c; sourceTree = "<group>"; };
		02000000000000000000003B /* mz_zip.c */ = {isa = PBXFileReference; lastKnownFileType = sourcecode.c.c; path = mz_zip.c; sourceTree = "<group>"; };
		02000000000000000000003C /* mz_zip_rw.c */ = {isa = PBXFileReference; lastKnownFileType = sourcecode.c.c; path = mz_zip_rw.c; sourceTree = "<group>"; };
		02000000000000000000003D /* WujiStageAZipBridge.h */ = {isa = PBXFileReference; lastKnownFileType = sourcecode.c.h; path = WujiStageAZipBridge.h; sourceTree = "<group>"; };
		02000000000000000000003E /* mz_config.h */ = {isa = PBXFileReference; lastKnownFileType = sourcecode.c.h; path = StageAMinizipConfig/mz_config.h; sourceTree = "<group>"; };
		02000000000000000000003F /* StageBContracts.swift */ = {isa = PBXFileReference; lastKnownFileType = sourcecode.swift; path = StageBContracts.swift; sourceTree = "<group>"; };
		020000000000000000000040 /* StageBSessionStore.swift */ = {isa = PBXFileReference; lastKnownFileType = sourcecode.swift; path = StageBSessionStore.swift; sourceTree = "<group>"; };
		020000000000000000000041 /* StageBReadOnlyPolicy.swift */ = {isa = PBXFileReference; lastKnownFileType = sourcecode.swift; path = StageBReadOnlyPolicy.swift; sourceTree = "<group>"; };
		020000000000000000000042 /* ISHStageBReadOnlyExecutor.swift */ = {isa = PBXFileReference; lastKnownFileType = sourcecode.swift; path = ISHStageBReadOnlyExecutor.swift; sourceTree = "<group>"; };
		020000000000000000000043 /* StageBReadOnlyAgent.swift */ = {isa = PBXFileReference; lastKnownFileType = sourcecode.swift; path = StageBReadOnlyAgent.swift; sourceTree = "<group>"; };
		020000000000000000000044 /* StageBView.swift */ = {isa = PBXFileReference; lastKnownFileType = sourcecode.swift; path = StageBView.swift; sourceTree = "<group>"; };
		020000000000000000000045 /* StageBProbeRunner.swift */ = {isa = PBXFileReference; lastKnownFileType = sourcecode.swift; path = StageBProbeRunner.swift; sourceTree = "<group>"; };
		020000000000000000000046 /* StageBRealImportedProject */ = {isa = PBXFileReference; lastKnownFileType = folder; path = StageBRealImportedProject; sourceTree = "<group>"; };
		020000000000000000000047 /* WujiStageBTests.swift */ = {isa = PBXFileReference; lastKnownFileType = sourcecode.swift; path = WujiStageBTests.swift; sourceTree = "<group>"; };
		020000000000000000000048 /* WujiStageBISHIntegrationTests.swift */ = {isa = PBXFileReference; lastKnownFileType = sourcecode.swift; path = WujiStageBISHIntegrationTests.swift; sourceTree = "<group>"; };
		020000000000000000000049 /* StageCContracts.swift */ = {isa = PBXFileReference; lastKnownFileType = sourcecode.swift; path = StageCContracts.swift; sourceTree = "<group>"; };
		02000000000000000000004A /* StageCTaskStore.swift */ = {isa = PBXFileReference; lastKnownFileType = sourcecode.swift; path = StageCTaskStore.swift; sourceTree = "<group>"; };
		02000000000000000000004B /* StageCEditPolicy.swift */ = {isa = PBXFileReference; lastKnownFileType = sourcecode.swift; path = StageCEditPolicy.swift; sourceTree = "<group>"; };
		02000000000000000000004C /* ISHStageCEditExecutor.swift */ = {isa = PBXFileReference; lastKnownFileType = sourcecode.swift; path = ISHStageCEditExecutor.swift; sourceTree = "<group>"; };
		02000000000000000000004D /* StageCEditingAgent.swift */ = {isa = PBXFileReference; lastKnownFileType = sourcecode.swift; path = StageCEditingAgent.swift; sourceTree = "<group>"; };
		02000000000000000000004E /* StageCApprovalView.swift */ = {isa = PBXFileReference; lastKnownFileType = sourcecode.swift; path = StageCApprovalView.swift; sourceTree = "<group>"; };
		02000000000000000000004F /* StageCProbeRunner.swift */ = {isa = PBXFileReference; lastKnownFileType = sourcecode.swift; path = StageCProbeRunner.swift; sourceTree = "<group>"; };
		020000000000000000000050 /* StageCRealImportedProject */ = {isa = PBXFileReference; lastKnownFileType = folder; path = StageCRealImportedProject; sourceTree = "<group>"; };
		020000000000000000000051 /* WujiStageCContractsTests.swift */ = {isa = PBXFileReference; lastKnownFileType = sourcecode.swift; path = WujiStageCContractsTests.swift; sourceTree = "<group>"; };
		020000000000000000000052 /* WujiStageCStoreApprovalTests.swift */ = {isa = PBXFileReference; lastKnownFileType = sourcecode.swift; path = WujiStageCStoreApprovalTests.swift; sourceTree = "<group>"; };
		020000000000000000000053 /* WujiStageCAgentTests.swift */ = {isa = PBXFileReference; lastKnownFileType = sourcecode.swift; path = WujiStageCAgentTests.swift; sourceTree = "<group>"; };
		020000000000000000000054 /* WujiStageCApprovalViewTests.swift */ = {isa = PBXFileReference; lastKnownFileType = sourcecode.swift; path = WujiStageCApprovalViewTests.swift; sourceTree = "<group>"; };
		020000000000000000000055 /* WujiStageCISHIntegrationTests.swift */ = {isa = PBXFileReference; lastKnownFileType = sourcecode.swift; path = WujiStageCISHIntegrationTests.swift; sourceTree = "<group>"; };
		020000000000000000000056 /* StageDContracts.swift */ = {isa = PBXFileReference; lastKnownFileType = sourcecode.swift; path = StageDContracts.swift; sourceTree = "<group>"; };
		020000000000000000000057 /* StageDCommandPolicy.swift */ = {isa = PBXFileReference; lastKnownFileType = sourcecode.swift; path = StageDCommandPolicy.swift; sourceTree = "<group>"; };
		020000000000000000000058 /* StageDTaskStore.swift */ = {isa = PBXFileReference; lastKnownFileType = sourcecode.swift; path = StageDTaskStore.swift; sourceTree = "<group>"; };
		020000000000000000000059 /* ISHStageDCommandExecutor.swift */ = {isa = PBXFileReference; lastKnownFileType = sourcecode.swift; path = ISHStageDCommandExecutor.swift; sourceTree = "<group>"; };
		02000000000000000000005A /* StageDCommandAgent.swift */ = {isa = PBXFileReference; lastKnownFileType = sourcecode.swift; path = StageDCommandAgent.swift; sourceTree = "<group>"; };
		02000000000000000000005B /* StageDCommandView.swift */ = {isa = PBXFileReference; lastKnownFileType = sourcecode.swift; path = StageDCommandView.swift; sourceTree = "<group>"; };
		02000000000000000000005C /* StageDProbeRunner.swift */ = {isa = PBXFileReference; lastKnownFileType = sourcecode.swift; path = StageDProbeRunner.swift; sourceTree = "<group>"; };
		02000000000000000000005D /* StageDRealImportedProject */ = {isa = PBXFileReference; lastKnownFileType = folder; path = StageDRealImportedProject; sourceTree = "<group>"; };
		02000000000000000000005E /* WujiStageDPolicyTests.swift */ = {isa = PBXFileReference; lastKnownFileType = sourcecode.swift; path = WujiStageDPolicyTests.swift; sourceTree = "<group>"; };
		02000000000000000000005F /* WujiStageDRecoveryTests.swift */ = {isa = PBXFileReference; lastKnownFileType = sourcecode.swift; path = WujiStageDRecoveryTests.swift; sourceTree = "<group>"; };
		020000000000000000000060 /* WujiStageDISHIntegrationTests.swift */ = {isa = PBXFileReference; lastKnownFileType = sourcecode.swift; path = WujiStageDISHIntegrationTests.swift; sourceTree = "<group>"; };
/* End PBXFileReference section */

/* Begin PBXFrameworksBuildPhase section */
		060000000000000000000001 /* Frameworks */ = {
			isa = PBXFrameworksBuildPhase;
			buildActionMask = 2147483647;
			files = (
			);
			runOnlyForDeploymentPostprocessing = 0;
		};
		060000000000000000000004 /* Frameworks */ = {
			isa = PBXFrameworksBuildPhase;
			buildActionMask = 2147483647;
			files = (
			);
			runOnlyForDeploymentPostprocessing = 0;
		};
/* End PBXFrameworksBuildPhase section */

/* Begin PBXGroup section */
		030000000000000000000001 = {
			isa = PBXGroup;
			children = (
				030000000000000000000003 /* Wuji */,
				030000000000000000000004 /* WujiTests */,
				030000000000000000000005 /* StageA ZIP */,
				030000000000000000000006 /* StageA Executor */,
				030000000000000000000002 /* Products */,
			);
			sourceTree = "<group>";
		};
		030000000000000000000002 /* Products */ = {
			isa = PBXGroup;
			children = (
				020000000000000000000006 /* Wuji.app */,
				020000000000000000000008 /* WujiTests.xctest */,
			);
			name = Products;
			sourceTree = "<group>";
		};
		030000000000000000000003 /* Wuji */ = {
			isa = PBXGroup;
			children = (
				020000000000000000000001 /* WujiApp.swift */,
				020000000000000000000002 /* ContentView.swift */,
				020000000000000000000003 /* WujiTaskState.swift */,
				020000000000000000000009 /* ExecutorContracts.swift */,
				02000000000000000000000A /* ISHExecutor.swift */,
				02000000000000000000000B /* ExecutorSelfTestView.swift */,
				02000000000000000000000F /* ProviderContracts.swift */,
				020000000000000000000010 /* ProviderAttemptStore.swift */,
				020000000000000000000011 /* DeepSeekProvider.swift */,
				020000000000000000000013 /* S3AttemptStore.swift */,
				020000000000000000000014 /* S3ReadOnlyTools.swift */,
				020000000000000000000015 /* ISHReadOnlyExecutor.swift */,
				020000000000000000000016 /* S3ReadOnlyAgent.swift */,
				020000000000000000000017 /* S3ProbeRunner.swift */,
				020000000000000000000018 /* S3Fixture */,
				02000000000000000000001B /* S4Contracts.swift */,
				02000000000000000000001C /* S4Approval.swift */,
				02000000000000000000001D /* S4DurableStore.swift */,
				02000000000000000000001E /* ISHS4Executor.swift */,
				02000000000000000000001F /* S4Agent.swift */,
				020000000000000000000020 /* S4ApprovalView.swift */,
				020000000000000000000021 /* S4ProbeRunner.swift */,
				020000000000000000000022 /* S4Fixture */,
				020000000000000000000028 /* StageAImportContracts.swift */,
				020000000000000000000029 /* StageAZipArchive.swift */,
				02000000000000000000002A /* StageAWorkspaceStore.swift */,
				02000000000000000000002B /* StageAWorkspaceImporter.swift */,
				02000000000000000000002C /* DeepSeekSecureConfiguration.swift */,
				02000000000000000000002D /* StageAViewModel.swift */,
				02000000000000000000002E /* DeepSeekSettingsView.swift */,
				02000000000000000000003F /* StageBContracts.swift */,
				020000000000000000000040 /* StageBSessionStore.swift */,
				020000000000000000000041 /* StageBReadOnlyPolicy.swift */,
				020000000000000000000042 /* ISHStageBReadOnlyExecutor.swift */,
				020000000000000000000043 /* StageBReadOnlyAgent.swift */,
				020000000000000000000044 /* StageBView.swift */,
				020000000000000000000045 /* StageBProbeRunner.swift */,
				020000000000000000000046 /* StageBRealImportedProject */,
				020000000000000000000049 /* StageCContracts.swift */,
				02000000000000000000004A /* StageCTaskStore.swift */,
				02000000000000000000004B /* StageCEditPolicy.swift */,
				02000000000000000000004C /* ISHStageCEditExecutor.swift */,
				02000000000000000000004D /* StageCEditingAgent.swift */,
				02000000000000000000004E /* StageCApprovalView.swift */,
				02000000000000000000004F /* StageCProbeRunner.swift */,
				020000000000000000000050 /* StageCRealImportedProject */,
				020000000000000000000056 /* StageDContracts.swift */,
				020000000000000000000057 /* StageDCommandPolicy.swift */,
				020000000000000000000058 /* StageDTaskStore.swift */,
				020000000000000000000059 /* ISHStageDCommandExecutor.swift */,
				02000000000000000000005A /* StageDCommandAgent.swift */,
				02000000000000000000005B /* StageDCommandView.swift */,
				02000000000000000000005C /* StageDProbeRunner.swift */,
				02000000000000000000005D /* StageDRealImportedProject */,
				02000000000000000000000C /* rootfs.tar.gz */,
				020000000000000000000004 /* Assets.xcassets */,
				020000000000000000000005 /* Info.plist */,
			);
			path = Wuji;
			sourceTree = "<group>";
		};
		030000000000000000000004 /* WujiTests */ = {
			isa = PBXGroup;
			children = (
				020000000000000000000007 /* WujiSkeletonTests.swift */,
				02000000000000000000000D /* WujiExecutorContractTests.swift */,
				02000000000000000000000E /* WujiISHGuestIntegrationTests.swift */,
				020000000000000000000012 /* WujiProviderTests.swift */,
				020000000000000000000019 /* WujiS3AgentTests.swift */,
				02000000000000000000001A /* WujiS3ISHIntegrationTests.swift */,
				020000000000000000000023 /* WujiS4ContractsTests.swift */,
				020000000000000000000024 /* WujiS4ExecutorContractTests.swift */,
				020000000000000000000025 /* WujiS4ISHIntegrationTests.swift */,
				020000000000000000000026 /* WujiS4AgentTests.swift */,
				020000000000000000000027 /* WujiS4ApprovalViewTests.swift */,
				02000000000000000000002F /* WujiStageAImportTests.swift */,
				020000000000000000000030 /* WujiStageASecureConfigurationTests.swift */,
				020000000000000000000047 /* WujiStageBTests.swift */,
				020000000000000000000048 /* WujiStageBISHIntegrationTests.swift */,
				020000000000000000000051 /* WujiStageCContractsTests.swift */,
				020000000000000000000052 /* WujiStageCStoreApprovalTests.swift */,
				020000000000000000000053 /* WujiStageCAgentTests.swift */,
				020000000000000000000054 /* WujiStageCApprovalViewTests.swift */,
				020000000000000000000055 /* WujiStageCISHIntegrationTests.swift */,
				02000000000000000000005E /* WujiStageDPolicyTests.swift */,
				02000000000000000000005F /* WujiStageDRecoveryTests.swift */,
				020000000000000000000060 /* WujiStageDISHIntegrationTests.swift */,
			);
			path = WujiTests;
			sourceTree = "<group>";
		};
		030000000000000000000005 /* StageA ZIP */ = {
			isa = PBXGroup;
			children = (
				020000000000000000000032 /* mz_crypt.c */,
				020000000000000000000033 /* mz_os.c */,
				020000000000000000000034 /* mz_os_posix.c */,
				020000000000000000000035 /* mz_strm.c */,
				020000000000000000000036 /* mz_strm_buf.c */,
				020000000000000000000037 /* mz_strm_zlib.c */,
				020000000000000000000038 /* mz_strm_mem.c */,
				020000000000000000000039 /* mz_strm_os_posix.c */,
				02000000000000000000003A /* mz_strm_split.c */,
				02000000000000000000003B /* mz_zip.c */,
				02000000000000000000003C /* mz_zip_rw.c */,
			);
			path = ThirdParty/minizip-ng;
			sourceTree = "<group>";
		};
		030000000000000000000006 /* StageA Executor */ = {
			isa = PBXGroup;
			children = (
				020000000000000000000031 /* WujiStageAZipBridge.c */,
				02000000000000000000003D /* WujiStageAZipBridge.h */,
				02000000000000000000003E /* mz_config.h */,
			);
			path = Executor;
			sourceTree = "<group>";
		};
/* End PBXGroup section */

/* Begin PBXNativeTarget section */
		040000000000000000000001 /* Wuji */ = {
			isa = PBXNativeTarget;
			buildConfigurationList = 080000000000000000000002 /* Build configuration list for PBXNativeTarget "Wuji" */;
			buildPhases = (
				060000000000000000000002 /* Sources */,
				060000000000000000000001 /* Frameworks */,
				060000000000000000000003 /* Resources */,
			);
			buildRules = (
			);
			dependencies = (
			);
			name = Wuji;
			productName = Wuji;
			productReference = 020000000000000000000006 /* Wuji.app */;
			productType = "com.apple.product-type.application";
		};
		040000000000000000000002 /* WujiTests */ = {
			isa = PBXNativeTarget;
			buildConfigurationList = 080000000000000000000003 /* Build configuration list for PBXNativeTarget "WujiTests" */;
			buildPhases = (
				060000000000000000000005 /* Sources */,
				060000000000000000000004 /* Frameworks */,
				060000000000000000000006 /* Resources */,
			);
			buildRules = (
			);
			dependencies = (
				0A0000000000000000000001 /* PBXTargetDependency */,
			);
			name = WujiTests;
			productName = WujiTests;
			productReference = 020000000000000000000008 /* WujiTests.xctest */;
			productType = "com.apple.product-type.bundle.unit-test";
		};
/* End PBXNativeTarget section */

/* Begin PBXProject section */
		050000000000000000000001 /* Project object */ = {
			isa = PBXProject;
			attributes = {
				BuildIndependentTargetsInParallel = 1;
				LastSwiftUpdateCheck = 1600;
				LastUpgradeCheck = 1600;
				TargetAttributes = {
					040000000000000000000001 = {
						CreatedOnToolsVersion = 16.0;
					};
					040000000000000000000002 = {
						CreatedOnToolsVersion = 16.0;
						TestTargetID = 040000000000000000000001;
					};
				};
			};
			buildConfigurationList = 080000000000000000000001 /* Build configuration list for PBXProject "Wuji" */;
			compatibilityVersion = "Xcode 14.0";
			developmentRegion = en;
			hasScannedForEncodings = 0;
			knownRegions = (
				en,
				Base,
			);
			mainGroup = 030000000000000000000001;
			productRefGroup = 030000000000000000000002 /* Products */;
			projectDirPath = "";
			projectRoot = "";
			targets = (
				040000000000000000000001 /* Wuji */,
				040000000000000000000002 /* WujiTests */,
			);
		};
/* End PBXProject section */

/* Begin PBXResourcesBuildPhase section */
		060000000000000000000003 /* Resources */ = {
			isa = PBXResourcesBuildPhase;
			buildActionMask = 2147483647;
			files = (
				010000000000000000000004 /* Assets.xcassets in Resources */,
				010000000000000000000009 /* rootfs.tar.gz in Resources */,
				010000000000000000000015 /* S3Fixture in Resources */,
				01000000000000000000001F /* S4Fixture in Resources */,
				010000000000000000000041 /* StageBRealImportedProject in Resources */,
				01000000000000000000004B /* StageCRealImportedProject in Resources */,
				010000000000000000000058 /* StageDRealImportedProject in Resources */,
			);
			runOnlyForDeploymentPostprocessing = 0;
		};
		060000000000000000000006 /* Resources */ = {
			isa = PBXResourcesBuildPhase;
			buildActionMask = 2147483647;
			files = (
			);
			runOnlyForDeploymentPostprocessing = 0;
		};
/* End PBXResourcesBuildPhase section */

/* Begin PBXSourcesBuildPhase section */
		060000000000000000000002 /* Sources */ = {
			isa = PBXSourcesBuildPhase;
			buildActionMask = 2147483647;
			files = (
				010000000000000000000001 /* WujiApp.swift in Sources */,
				010000000000000000000002 /* ContentView.swift in Sources */,
				010000000000000000000003 /* WujiTaskState.swift in Sources */,
				010000000000000000000006 /* ExecutorContracts.swift in Sources */,
				010000000000000000000007 /* ISHExecutor.swift in Sources */,
				010000000000000000000008 /* ExecutorSelfTestView.swift in Sources */,
				01000000000000000000000C /* ProviderContracts.swift in Sources */,
				01000000000000000000000D /* ProviderAttemptStore.swift in Sources */,
				01000000000000000000000E /* DeepSeekProvider.swift in Sources */,
				010000000000000000000010 /* S3AttemptStore.swift in Sources */,
				010000000000000000000011 /* S3ReadOnlyTools.swift in Sources */,
				010000000000000000000012 /* ISHReadOnlyExecutor.swift in Sources */,
				010000000000000000000013 /* S3ReadOnlyAgent.swift in Sources */,
				010000000000000000000014 /* S3ProbeRunner.swift in Sources */,
				010000000000000000000018 /* S4Contracts.swift in Sources */,
				010000000000000000000019 /* S4Approval.swift in Sources */,
				01000000000000000000001A /* S4DurableStore.swift in Sources */,
				01000000000000000000001B /* ISHS4Executor.swift in Sources */,
				01000000000000000000001C /* S4Agent.swift in Sources */,
				01000000000000000000001D /* S4ApprovalView.swift in Sources */,
				01000000000000000000001E /* S4ProbeRunner.swift in Sources */,
				010000000000000000000025 /* StageAImportContracts.swift in Sources */,
				010000000000000000000026 /* StageAZipArchive.swift in Sources */,
				010000000000000000000027 /* StageAWorkspaceStore.swift in Sources */,
				010000000000000000000028 /* StageAWorkspaceImporter.swift in Sources */,
				010000000000000000000029 /* DeepSeekSecureConfiguration.swift in Sources */,
				01000000000000000000002A /* StageAViewModel.swift in Sources */,
				01000000000000000000002B /* DeepSeekSettingsView.swift in Sources */,
				01000000000000000000003A /* StageBContracts.swift in Sources */,
				01000000000000000000003B /* StageBSessionStore.swift in Sources */,
				01000000000000000000003C /* StageBReadOnlyPolicy.swift in Sources */,
				01000000000000000000003D /* ISHStageBReadOnlyExecutor.swift in Sources */,
				01000000000000000000003E /* StageBReadOnlyAgent.swift in Sources */,
				01000000000000000000003F /* StageBView.swift in Sources */,
				010000000000000000000040 /* StageBProbeRunner.swift in Sources */,
				010000000000000000000044 /* StageCContracts.swift in Sources */,
				010000000000000000000045 /* StageCTaskStore.swift in Sources */,
				010000000000000000000046 /* StageCEditPolicy.swift in Sources */,
				010000000000000000000047 /* ISHStageCEditExecutor.swift in Sources */,
				010000000000000000000048 /* StageCEditingAgent.swift in Sources */,
				010000000000000000000049 /* StageCApprovalView.swift in Sources */,
				01000000000000000000004A /* StageCProbeRunner.swift in Sources */,
				010000000000000000000051 /* StageDContracts.swift in Sources */,
				010000000000000000000052 /* StageDCommandPolicy.swift in Sources */,
				010000000000000000000053 /* StageDTaskStore.swift in Sources */,
				010000000000000000000054 /* ISHStageDCommandExecutor.swift in Sources */,
				010000000000000000000055 /* StageDCommandAgent.swift in Sources */,
				010000000000000000000056 /* StageDCommandView.swift in Sources */,
				010000000000000000000057 /* StageDProbeRunner.swift in Sources */,
				01000000000000000000002E /* WujiStageAZipBridge.c in Sources */,
				01000000000000000000002F /* mz_crypt.c in Sources */,
				010000000000000000000030 /* mz_os.c in Sources */,
				010000000000000000000031 /* mz_os_posix.c in Sources */,
				010000000000000000000032 /* mz_strm.c in Sources */,
				010000000000000000000033 /* mz_strm_buf.c in Sources */,
				010000000000000000000034 /* mz_strm_zlib.c in Sources */,
				010000000000000000000035 /* mz_strm_mem.c in Sources */,
				010000000000000000000036 /* mz_strm_os_posix.c in Sources */,
				010000000000000000000037 /* mz_strm_split.c in Sources */,
				010000000000000000000038 /* mz_zip.c in Sources */,
				010000000000000000000039 /* mz_zip_rw.c in Sources */,
			);
			runOnlyForDeploymentPostprocessing = 0;
		};
		060000000000000000000005 /* Sources */ = {
			isa = PBXSourcesBuildPhase;
			buildActionMask = 2147483647;
			files = (
				010000000000000000000005 /* WujiSkeletonTests.swift in Sources */,
				01000000000000000000000A /* WujiExecutorContractTests.swift in Sources */,
				01000000000000000000000B /* WujiISHGuestIntegrationTests.swift in Sources */,
				01000000000000000000000F /* WujiProviderTests.swift in Sources */,
				010000000000000000000016 /* WujiS3AgentTests.swift in Sources */,
				010000000000000000000017 /* WujiS3ISHIntegrationTests.swift in Sources */,
				010000000000000000000020 /* WujiS4ContractsTests.swift in Sources */,
				010000000000000000000021 /* WujiS4ExecutorContractTests.swift in Sources */,
				010000000000000000000022 /* WujiS4ISHIntegrationTests.swift in Sources */,
				010000000000000000000023 /* WujiS4AgentTests.swift in Sources */,
				010000000000000000000024 /* WujiS4ApprovalViewTests.swift in Sources */,
				01000000000000000000002C /* WujiStageAImportTests.swift in Sources */,
				01000000000000000000002D /* WujiStageASecureConfigurationTests.swift in Sources */,
				010000000000000000000042 /* WujiStageBTests.swift in Sources */,
				010000000000000000000043 /* WujiStageBISHIntegrationTests.swift in Sources */,
				01000000000000000000004C /* WujiStageCContractsTests.swift in Sources */,
				01000000000000000000004D /* WujiStageCStoreApprovalTests.swift in Sources */,
				01000000000000000000004E /* WujiStageCAgentTests.swift in Sources */,
				01000000000000000000004F /* WujiStageCApprovalViewTests.swift in Sources */,
				010000000000000000000050 /* WujiStageCISHIntegrationTests.swift in Sources */,
				010000000000000000000059 /* WujiStageDPolicyTests.swift in Sources */,
				01000000000000000000005A /* WujiStageDRecoveryTests.swift in Sources */,
				01000000000000000000005B /* WujiStageDISHIntegrationTests.swift in Sources */,
			);
			runOnlyForDeploymentPostprocessing = 0;
		};
/* End PBXSourcesBuildPhase section */

/* Begin PBXTargetDependency section */
		0A0000000000000000000001 /* PBXTargetDependency */ = {
			isa = PBXTargetDependency;
			target = 040000000000000000000001 /* Wuji */;
			targetProxy = 090000000000000000000001 /* PBXContainerItemProxy */;
		};
/* End PBXTargetDependency section */

/* Begin XCBuildConfiguration section */
		070000000000000000000001 /* Debug */ = {
			isa = XCBuildConfiguration;
			buildSettings = {
				ALWAYS_SEARCH_USER_PATHS = NO;
				CLANG_ENABLE_MODULES = YES;
				CLANG_ENABLE_OBJC_ARC = YES;
				CLANG_WARN_BOOL_CONVERSION = YES;
				CLANG_WARN_CONSTANT_CONVERSION = YES;
				CLANG_WARN_DOCUMENTATION_COMMENTS = YES;
				CLANG_WARN_EMPTY_BODY = YES;
				CLANG_WARN_ENUM_CONVERSION = YES;
				CLANG_WARN_INFINITE_RECURSION = YES;
				CLANG_WARN_INT_CONVERSION = YES;
				CLANG_WARN_NON_LITERAL_NULL_CONVERSION = YES;
				CLANG_WARN_OBJC_IMPLICIT_RETAIN_SELF = YES;
				CLANG_WARN_OBJC_LITERAL_CONVERSION = YES;
				CLANG_WARN_RANGE_LOOP_ANALYSIS = YES;
				CLANG_WARN_STRICT_PROTOTYPES = YES;
				CLANG_WARN_SUSPICIOUS_MOVE = YES;
				CLANG_WARN_UNGUARDED_AVAILABILITY = YES_AGGRESSIVE;
				COPY_PHASE_STRIP = NO;
				DEBUG_INFORMATION_FORMAT = dwarf;
				ENABLE_TESTABILITY = YES;
				ENABLE_USER_SCRIPT_SANDBOXING = YES;
				GCC_C_LANGUAGE_STANDARD = gnu17;
				GCC_NO_COMMON_BLOCKS = YES;
				GCC_OPTIMIZATION_LEVEL = 0;
				GCC_PREPROCESSOR_DEFINITIONS = (
					"DEBUG=1",
					"$(inherited)",
				);
				GCC_WARN_64_TO_32_BIT_CONVERSION = YES;
				GCC_WARN_ABOUT_RETURN_TYPE = YES_ERROR;
				GCC_WARN_UNDECLARED_SELECTOR = YES;
				GCC_WARN_UNINITIALIZED_AUTOS = YES_AGGRESSIVE;
				GCC_WARN_UNUSED_FUNCTION = YES;
				GCC_WARN_UNUSED_VARIABLE = YES;
				IPHONEOS_DEPLOYMENT_TARGET = 16.0;
				MTL_ENABLE_DEBUG_INFO = INCLUDE_SOURCE;
				MTL_FAST_MATH = YES;
				ONLY_ACTIVE_ARCH = YES;
				SDKROOT = iphoneos;
				SWIFT_ACTIVE_COMPILATION_CONDITIONS = "DEBUG $(inherited)";
				SWIFT_OPTIMIZATION_LEVEL = "-Onone";
			};
			name = Debug;
		};
		070000000000000000000002 /* Release */ = {
			isa = XCBuildConfiguration;
			buildSettings = {
				ALWAYS_SEARCH_USER_PATHS = NO;
				CLANG_ENABLE_MODULES = YES;
				CLANG_ENABLE_OBJC_ARC = YES;
				CLANG_WARN_BOOL_CONVERSION = YES;
				CLANG_WARN_CONSTANT_CONVERSION = YES;
				CLANG_WARN_DOCUMENTATION_COMMENTS = YES;
				CLANG_WARN_EMPTY_BODY = YES;
				CLANG_WARN_ENUM_CONVERSION = YES;
				CLANG_WARN_INFINITE_RECURSION = YES;
				CLANG_WARN_INT_CONVERSION = YES;
				CLANG_WARN_NON_LITERAL_NULL_CONVERSION = YES;
				CLANG_WARN_OBJC_IMPLICIT_RETAIN_SELF = YES;
				CLANG_WARN_OBJC_LITERAL_CONVERSION = YES;
				CLANG_WARN_RANGE_LOOP_ANALYSIS = YES;
				CLANG_WARN_STRICT_PROTOTYPES = YES;
				CLANG_WARN_SUSPICIOUS_MOVE = YES;
				CLANG_WARN_UNGUARDED_AVAILABILITY = YES_AGGRESSIVE;
				COPY_PHASE_STRIP = NO;
				DEBUG_INFORMATION_FORMAT = "dwarf-with-dsym";
				ENABLE_NS_ASSERTIONS = NO;
				ENABLE_USER_SCRIPT_SANDBOXING = YES;
				GCC_C_LANGUAGE_STANDARD = gnu17;
				GCC_NO_COMMON_BLOCKS = YES;
				GCC_WARN_64_TO_32_BIT_CONVERSION = YES;
				GCC_WARN_ABOUT_RETURN_TYPE = YES_ERROR;
				GCC_WARN_UNDECLARED_SELECTOR = YES;
				GCC_WARN_UNINITIALIZED_AUTOS = YES_AGGRESSIVE;
				GCC_WARN_UNUSED_FUNCTION = YES;
				GCC_WARN_UNUSED_VARIABLE = YES;
				IPHONEOS_DEPLOYMENT_TARGET = 16.0;
				MTL_ENABLE_DEBUG_INFO = NO;
				MTL_FAST_MATH = YES;
				SDKROOT = iphoneos;
				SWIFT_COMPILATION_MODE = wholemodule;
				VALIDATE_PRODUCT = YES;
			};
			name = Release;
		};
		070000000000000000000003 /* Debug */ = {
			isa = XCBuildConfiguration;
			buildSettings = {
				ASSETCATALOG_COMPILER_GLOBAL_ACCENT_COLOR_NAME = AccentColor;
				CODE_SIGN_STYLE = Automatic;
				CURRENT_PROJECT_VERSION = 1;
				DEVELOPMENT_TEAM = "";
				GENERATE_INFOPLIST_FILE = NO;
				INFOPLIST_FILE = Wuji/Info.plist;
				CLANG_C_LANGUAGE_STANDARD = gnu11;
				GCC_PREPROCESSOR_DEFINITIONS = (
					"$(inherited)",
					"HAVE_ZLIB=1",
					"ZLIB_COMPAT=1",
					"MZ_ZIP_NO_COMPRESSION=1",
					"MZ_ZIP_NO_ENCRYPTION=1",
					"MZ_ZIP_NO_CRYPTO=1",
				);
				HEADER_SEARCH_PATHS = (
					"$(PROJECT_DIR)/Executor",
					"$(PROJECT_DIR)/Executor/StageAMinizipConfig",
					"$(PROJECT_DIR)/ThirdParty/minizip-ng",
				);
				IPHONEOS_DEPLOYMENT_TARGET = 16.0;
				MARKETING_VERSION = 1.0;
				PRODUCT_BUNDLE_IDENTIFIER = com.daaixz.wuji;
				PRODUCT_NAME = "$(TARGET_NAME)";
				OTHER_LDFLAGS = (
					"$(WUJI_ISH_BUILD_DIR)/libwuji_ish_adapter.a",
					"$(WUJI_ISH_BUILD_DIR)/libish.a",
					"$(WUJI_ISH_BUILD_DIR)/libish_emu.a",
					"$(WUJI_ISH_BUILD_DIR)/libfakefs.a",
					"$(WUJI_ISH_BUILD_DIR)/libarchive.a",
					"-lsqlite3",
					"-lz",
					"-framework",
					Security,
				);
				SUPPORTED_PLATFORMS = "iphoneos iphonesimulator";
				SUPPORTS_MACCATALYST = NO;
				SWIFT_EMIT_LOC_STRINGS = YES;
				SWIFT_OBJC_BRIDGING_HEADER = Wuji/Wuji-Bridging-Header.h;
				SWIFT_VERSION = 5.0;
				TARGETED_DEVICE_FAMILY = "1,2";
			};
			name = Debug;
		};
		070000000000000000000004 /* Release */ = {
			isa = XCBuildConfiguration;
			buildSettings = {
				ASSETCATALOG_COMPILER_GLOBAL_ACCENT_COLOR_NAME = AccentColor;
				CODE_SIGN_STYLE = Automatic;
				CURRENT_PROJECT_VERSION = 1;
				DEVELOPMENT_TEAM = "";
				GENERATE_INFOPLIST_FILE = NO;
				INFOPLIST_FILE = Wuji/Info.plist;
				CLANG_C_LANGUAGE_STANDARD = gnu11;
				GCC_PREPROCESSOR_DEFINITIONS = (
					"$(inherited)",
					"HAVE_ZLIB=1",
					"ZLIB_COMPAT=1",
					"MZ_ZIP_NO_COMPRESSION=1",
					"MZ_ZIP_NO_ENCRYPTION=1",
					"MZ_ZIP_NO_CRYPTO=1",
				);
				HEADER_SEARCH_PATHS = (
					"$(PROJECT_DIR)/Executor",
					"$(PROJECT_DIR)/Executor/StageAMinizipConfig",
					"$(PROJECT_DIR)/ThirdParty/minizip-ng",
				);
				IPHONEOS_DEPLOYMENT_TARGET = 16.0;
				MARKETING_VERSION = 1.0;
				PRODUCT_BUNDLE_IDENTIFIER = com.daaixz.wuji;
				PRODUCT_NAME = "$(TARGET_NAME)";
				OTHER_LDFLAGS = (
					"$(WUJI_ISH_BUILD_DIR)/libwuji_ish_adapter.a",
					"$(WUJI_ISH_BUILD_DIR)/libish.a",
					"$(WUJI_ISH_BUILD_DIR)/libish_emu.a",
					"$(WUJI_ISH_BUILD_DIR)/libfakefs.a",
					"$(WUJI_ISH_BUILD_DIR)/libarchive.a",
					"-lsqlite3",
					"-lz",
					"-framework",
					Security,
				);
				SUPPORTED_PLATFORMS = "iphoneos iphonesimulator";
				SUPPORTS_MACCATALYST = NO;
				SWIFT_EMIT_LOC_STRINGS = YES;
				SWIFT_OBJC_BRIDGING_HEADER = Wuji/Wuji-Bridging-Header.h;
				SWIFT_VERSION = 5.0;
				TARGETED_DEVICE_FAMILY = "1,2";
			};
			name = Release;
		};
		070000000000000000000005 /* Debug */ = {
			isa = XCBuildConfiguration;
			buildSettings = {
				BUNDLE_LOADER = "$(TEST_HOST)";
				CODE_SIGN_STYLE = Automatic;
				CURRENT_PROJECT_VERSION = 1;
				DEVELOPMENT_TEAM = "";
				GENERATE_INFOPLIST_FILE = YES;
				HEADER_SEARCH_PATHS = "$(PROJECT_DIR)/Executor";
				IPHONEOS_DEPLOYMENT_TARGET = 16.0;
				MARKETING_VERSION = 1.0;
				PRODUCT_BUNDLE_IDENTIFIER = com.daaixz.wuji.tests;
				PRODUCT_NAME = "$(TARGET_NAME)";
				SUPPORTED_PLATFORMS = "iphoneos iphonesimulator";
				SWIFT_VERSION = 5.0;
				TARGETED_DEVICE_FAMILY = "1,2";
				TEST_HOST = "$(BUILT_PRODUCTS_DIR)/Wuji.app/$(BUNDLE_EXECUTABLE_FOLDER_PATH)/Wuji";
			};
			name = Debug;
		};
		070000000000000000000006 /* Release */ = {
			isa = XCBuildConfiguration;
			buildSettings = {
				BUNDLE_LOADER = "$(TEST_HOST)";
				CODE_SIGN_STYLE = Automatic;
				CURRENT_PROJECT_VERSION = 1;
				DEVELOPMENT_TEAM = "";
				GENERATE_INFOPLIST_FILE = YES;
				HEADER_SEARCH_PATHS = "$(PROJECT_DIR)/Executor";
				IPHONEOS_DEPLOYMENT_TARGET = 16.0;
				MARKETING_VERSION = 1.0;
				PRODUCT_BUNDLE_IDENTIFIER = com.daaixz.wuji.tests;
				PRODUCT_NAME = "$(TARGET_NAME)";
				SUPPORTED_PLATFORMS = "iphoneos iphonesimulator";
				SWIFT_VERSION = 5.0;
				TARGETED_DEVICE_FAMILY = "1,2";
				TEST_HOST = "$(BUILT_PRODUCTS_DIR)/Wuji.app/$(BUNDLE_EXECUTABLE_FOLDER_PATH)/Wuji";
			};
			name = Release;
		};
/* End XCBuildConfiguration section */

/* Begin XCConfigurationList section */
		080000000000000000000001 /* Build configuration list for PBXProject "Wuji" */ = {
			isa = XCConfigurationList;
			buildConfigurations = (
				070000000000000000000001 /* Debug */,
				070000000000000000000002 /* Release */,
			);
			defaultConfigurationIsVisible = 0;
			defaultConfigurationName = Release;
		};
		080000000000000000000002 /* Build configuration list for PBXNativeTarget "Wuji" */ = {
			isa = XCConfigurationList;
			buildConfigurations = (
				070000000000000000000003 /* Debug */,
				070000000000000000000004 /* Release */,
			);
			defaultConfigurationIsVisible = 0;
			defaultConfigurationName = Release;
		};
		080000000000000000000003 /* Build configuration list for PBXNativeTarget "WujiTests" */ = {
			isa = XCConfigurationList;
			buildConfigurations = (
				070000000000000000000005 /* Debug */,
				070000000000000000000006 /* Release */,
			);
			defaultConfigurationIsVisible = 0;
			defaultConfigurationName = Release;
		};
/* End XCConfigurationList section */
	};
	rootObject = 050000000000000000000001 /* Project object */;
}
